
Microsoft Visual Studio Solution File, Format Version 12.00
# Visual Studio Version 16
VisualStudioVersion = 16.0.31424.327
MinimumVisualStudioVersion = 10.0.40219.1
Project("{9A19103F-16F7-4668-BE54-9A1E7A4F7556}") = "Ejercicio_C01", "Ejercicio_C01\Ejercicio_C01.csproj", "{6265CCFB-6CD6-4676-87E8-F3272D11E054}"
EndProject
Project("{FAE04EC0-301F-11D3-BF4B-00C04F79EFBC}") = "Ejercicio_I01", "Ejercicio_I01\Ejercicio_I01.csproj", "{BA2F9DBC-2F32-4252-BA61-C004D1C903AD}"
EndProject
Project("{FAE04EC0-301F-11D3-BF4B-00C04F79EFBC}") = "BibliotecaDeClases", "BibliotecaDeClases\BibliotecaDeClases.csproj", "{9F4734C6-3DDB-44B1-A1C1-24D8049C577C}"
EndProject
Global
	GlobalSection(SolutionConfigurationPlatforms) = preSolution
		Debug|Any CPU = Debug|Any CPU
		Release|Any CPU = Release|Any CPU
	EndGlobalSection
	GlobalSection(ProjectConfigurationPlatforms) = postSolution
		{6265CCFB-6CD6-4676-87E8-F3272D11E054}.Debug|Any CPU.ActiveCfg = Debug|Any CPU
		{6265CCFB-6CD6-4676-87E8-F3272D11E054}.Debug|Any CPU.Build.0 = Debug|Any CPU
		{6265CCFB-6CD6-4676-87E8-F3272D11E054}.Release|Any CPU.ActiveCfg = Release|Any CPU
		{6265CCFB-6CD6-4676-87E8-F3272D11E054}.Release|Any CPU.Build.0 = Release|Any CPU
		{BA2F9DBC-2F32-4252-BA61-C004D1C903AD}.Debug|Any CPU.ActiveCfg = Debug|Any CPU
		{BA2F9DBC-2F32-4252-BA61-C004D1C903AD}.Debug|Any CPU.Build.0 = Debug|Any CPU
		{BA2F9DBC-2F32-4252-BA61-C004D1C903AD}.Release|Any CPU.ActiveCfg = Release|Any CPU
		{BA2F9DBC-2F32-4252-BA61-C004D1C903AD}.Release|Any CPU.Build.0 = Release|Any CPU
		{9F4734C6-3DDB-44B1-A1C1-24D8049C577C}.Debug|Any CPU.ActiveCfg = Debug|Any CPU
		{9F4734C6-3DDB-44B1-A1C1-24D8049C577C}.Debug|Any CPU.Build.0 = Debug|Any CPU
		{9F4734C6-3DDB-44B1-A1C1-24D8049C577C}.Release|Any CPU.ActiveCfg = Release|Any CPU
		{9F4734C6-3DDB-44B1-A1C1-24D8049C577C}.Release|Any CPU.Build.0 = Release|Any CPU
	EndGlobalSection
	GlobalSection(SolutionProperties) = preSolution
		HideSolutionNode = FALSE
	EndGlobalSection
	GlobalSection(ExtensibilityGlobals) = postSolution
		SolutionGuid = {D206E7A8-FB93-4304-8FEB-6F70B6681B94}
	EndGlobalSection
EndGlobal
