
Microsoft Visual Studio Solution File, Format Version 12.00
# Visual Studio Version 16
VisualStudioVersion = 16.0.31424.327
MinimumVisualStudioVersion = 10.0.40219.1
Project("{9A19103F-16F7-4668-BE54-9A1E7A4F7556}") = "Ejercicio_I01", "Ejercicio_I01\Ejercicio_I01.csproj", "{4EB8904B-B044-48A8-BE13-F2B1FBBB1C0D}"
EndProject
Project("{9A19103F-16F7-4668-BE54-9A1E7A4F7556}") = "Ejercicio_I02", "Ejercicio_I02\Ejercicio_I02.csproj", "{7AD101F3-B85A-4F72-BCEE-1FCF0B706267}"
EndProject
Project("{9A19103F-16F7-4668-BE54-9A1E7A4F7556}") = "Ejercicio_I03", "Ejercicio_I03\Ejercicio_I03.csproj", "{210CFF76-81C7-4AC1-9026-C52855D079E9}"
EndProject
Project("{9A19103F-16F7-4668-BE54-9A1E7A4F7556}") = "Ejercicio_I04", "Ejercicio_I04\Ejercicio_I04.csproj", "{D58DD70E-770F-42C0-A919-0A959CEC5FB2}"
EndProject
Project("{FAE04EC0-301F-11D3-BF4B-00C04F79EFBC}") = "Ejercicio_I05", "Ejercicio_I05\Ejercicio_I05.csproj", "{B32B82F8-F7AD-4092-82F3-E08F7D226950}"
EndProject
Project("{FAE04EC0-301F-11D3-BF4B-00C04F79EFBC}") = "Ejercicio_I06", "Ejercicio_I06\Ejercicio_I06.csproj", "{509F6D96-C51F-4B15-8589-B643DFEA618A}"
EndProject
Project("{FAE04EC0-301F-11D3-BF4B-00C04F79EFBC}") = "Ejercicio_I07", "Ejercicio_I07\Ejercicio_I07.csproj", "{A5687C48-D963-45B8-A2AE-0DD80CC00F3F}"
EndProject
Project("{FAE04EC0-301F-11D3-BF4B-00C04F79EFBC}") = "Ejercicio_I08", "Ejercicio_I08\Ejercicio_I08.csproj", "{5EB36519-7B3B-4BD2-A78A-4DFECBAFD2E2}"
EndProject
Project("{FAE04EC0-301F-11D3-BF4B-00C04F79EFBC}") = "Ejercicio_A01", "Ejercicio_A01\Ejercicio_A01.csproj", "{F1C7FB25-879B-4FC2-A613-539CFBE53957}"
EndProject
Global
	GlobalSection(SolutionConfigurationPlatforms) = preSolution
		Debug|Any CPU = Debug|Any CPU
		Release|Any CPU = Release|Any CPU
	EndGlobalSection
	GlobalSection(ProjectConfigurationPlatforms) = postSolution
		{4EB8904B-B044-48A8-BE13-F2B1FBBB1C0D}.Debug|Any CPU.ActiveCfg = Debug|Any CPU
		{4EB8904B-B044-48A8-BE13-F2B1FBBB1C0D}.Debug|Any CPU.Build.0 = Debug|Any CPU
		{4EB8904B-B044-48A8-BE13-F2B1FBBB1C0D}.Release|Any CPU.ActiveCfg = Release|Any CPU
		{4EB8904B-B044-48A8-BE13-F2B1FBBB1C0D}.Release|Any CPU.Build.0 = Release|Any CPU
		{7AD101F3-B85A-4F72-BCEE-1FCF0B706267}.Debug|Any CPU.ActiveCfg = Debug|Any CPU
		{7AD101F3-B85A-4F72-BCEE-1FCF0B706267}.Debug|Any CPU.Build.0 = Debug|Any CPU
		{7AD101F3-B85A-4F72-BCEE-1FCF0B706267}.Release|Any CPU.ActiveCfg = Release|Any CPU
		{7AD101F3-B85A-4F72-BCEE-1FCF0B706267}.Release|Any CPU.Build.0 = Release|Any CPU
		{210CFF76-81C7-4AC1-9026-C52855D079E9}.Debug|Any CPU.ActiveCfg = Debug|Any CPU
		{210CFF76-81C7-4AC1-9026-C52855D079E9}.Debug|Any CPU.Build.0 = Debug|Any CPU
		{210CFF76-81C7-4AC1-9026-C52855D079E9}.Release|Any CPU.ActiveCfg = Release|Any CPU
		{210CFF76-81C7-4AC1-9026-C52855D079E9}.Release|Any CPU.Build.0 = Release|Any CPU
		{D58DD70E-770F-42C0-A919-0A959CEC5FB2}.Debug|Any CPU.ActiveCfg = Debug|Any CPU
		{D58DD70E-770F-42C0-A919-0A959CEC5FB2}.Debug|Any CPU.Build.0 = Debug|Any CPU
		{D58DD70E-770F-42C0-A919-0A959CEC5FB2}.Release|Any CPU.ActiveCfg = Release|Any CPU
		{D58DD70E-770F-42C0-A919-0A959CEC5FB2}.Release|Any CPU.Build.0 = Release|Any CPU
		{B32B82F8-F7AD-4092-82F3-E08F7D226950}.Debug|Any CPU.ActiveCfg = Debug|Any CPU
		{B32B82F8-F7AD-4092-82F3-E08F7D226950}.Debug|Any CPU.Build.0 = Debug|Any CPU
		{B32B82F8-F7AD-4092-82F3-E08F7D226950}.Release|Any CPU.ActiveCfg = Release|Any CPU
		{B32B82F8-F7AD-4092-82F3-E08F7D226950}.Release|Any CPU.Build.0 = Release|Any CPU
		{509F6D96-C51F-4B15-8589-B643DFEA618A}.Debug|Any CPU.ActiveCfg = Debug|Any CPU
		{509F6D96-C51F-4B15-8589-B643DFEA618A}.Debug|Any CPU.Build.0 = Debug|Any CPU
		{509F6D96-C51F-4B15-8589-B643DFEA618A}.Release|Any CPU.ActiveCfg = Release|Any CPU
		{509F6D96-C51F-4B15-8589-B643DFEA618A}.Release|Any CPU.Build.0 = Release|Any CPU
		{A5687C48-D963-45B8-A2AE-0DD80CC00F3F}.Debug|Any CPU.ActiveCfg = Debug|Any CPU
		{A5687C48-D963-45B8-A2AE-0DD80CC00F3F}.Debug|Any CPU.Build.0 = Debug|Any CPU
		{A5687C48-D963-45B8-A2AE-0DD80CC00F3F}.Release|Any CPU.ActiveCfg = Release|Any CPU
		{A5687C48-D963-45B8-A2AE-0DD80CC00F3F}.Release|Any CPU.Build.0 = Release|Any CPU
		{5EB36519-7B3B-4BD2-A78A-4DFECBAFD2E2}.Debug|Any CPU.ActiveCfg = Debug|Any CPU
		{5EB36519-7B3B-4BD2-A78A-4DFECBAFD2E2}.Debug|Any CPU.Build.0 = Debug|Any CPU
		{5EB36519-7B3B-4BD2-A78A-4DFECBAFD2E2}.Release|Any CPU.ActiveCfg = Release|Any CPU
		{5EB36519-7B3B-4BD2-A78A-4DFECBAFD2E2}.Release|Any CPU.Build.0 = Release|Any CPU
		{F1C7FB25-879B-4FC2-A613-539CFBE53957}.Debug|Any CPU.ActiveCfg = Debug|Any CPU
		{F1C7FB25-879B-4FC2-A613-539CFBE53957}.Debug|Any CPU.Build.0 = Debug|Any CPU
		{F1C7FB25-879B-4FC2-A613-539CFBE53957}.Release|Any CPU.ActiveCfg = Release|Any CPU
		{F1C7FB25-879B-4FC2-A613-539CFBE53957}.Release|Any CPU.Build.0 = Release|Any CPU
	EndGlobalSection
	GlobalSection(SolutionProperties) = preSolution
		HideSolutionNode = FALSE
	EndGlobalSection
	GlobalSection(ExtensibilityGlobals) = postSolution
		SolutionGuid = {5D753840-1038-417D-9A8B-B4577E3C9AA7}
	EndGlobalSection
EndGlobal
